
Microsoft Visual Studio Solution File, Format Version 12.00
# Visual Studio Version 16
VisualStudioVersion = 16.0.31112.23
MinimumVisualStudioVersion = 10.0.40219.1
Project("{FAE04EC0-301F-11D3-BF4B-00C04F79EFBC}") = "AppMedios", "AppMedios\AppMedios.csproj", "{5141786C-1487-44FB-9E04-3F68ADD65D3D}"
EndProject
Global
	GlobalSection(SolutionConfigurationPlatforms) = preSolution
		Debug|Any CPU = Debug|Any CPU
		Release|Any CPU = Release|Any CPU
	EndGlobalSection
	GlobalSection(ProjectConfigurationPlatforms) = postSolution
		{5141786C-1487-44FB-9E04-3F68ADD65D3D}.Debug|Any CPU.ActiveCfg = Debug|Any CPU
		{5141786C-1487-44FB-9E04-3F68ADD65D3D}.Debug|Any CPU.Build.0 = Debug|Any CPU
		{5141786C-1487-44FB-9E04-3F68ADD65D3D}.Release|Any CPU.ActiveCfg = Release|Any CPU
		{5141786C-1487-44FB-9E04-3F68ADD65D3D}.Release|Any CPU.Build.0 = Release|Any CPU
	EndGlobalSection
	GlobalSection(SolutionProperties) = preSolution
		HideSolutionNode = FALSE
	EndGlobalSection
	GlobalSection(ExtensibilityGlobals) = postSolution
		SolutionGuid = {1987DEE7-FBFC-4030-945F-40848A990F0A}
	EndGlobalSection
EndGlobal
